// !$*UTF8*$!
{
	archiveVersion = 1;
	classes = {
	};
	objectVersion = 50;
	objects = {

/* Begin PBXBuildFile section */
		F85E7294255DD2A5006ADF12 /* ShowButton.swift in Sources */ = {isa = PBXBuildFile; fileRef = F85E7293255DD2A5006ADF12 /* ShowButton.swift */; };
		F88C4728255D476500A0DA46 /* AppDelegate.swift in Sources */ = {isa = PBXBuildFile; fileRef = F88C4727255D476500A0DA46 /* AppDelegate.swift */; };
		F88C472A255D476500A0DA46 /* SceneDelegate.swift in Sources */ = {isa = PBXBuildFile; fileRef = F88C4729255D476500A0DA46 /* SceneDelegate.swift */; };
		F88C472F255D476500A0DA46 /* Main.storyboard in Resources */ = {isa = PBXBuildFile; fileRef = F88C472D255D476500A0DA46 /* Main.storyboard */; };
		F88C4731255D476700A0DA46 /* Assets.xcassets in Resources */ = {isa = PBXBuildFile; fileRef = F88C4730255D476700A0DA46 /* Assets.xcassets */; };
		F88C4734255D476700A0DA46 /* LaunchScreen.storyboard in Resources */ = {isa = PBXBuildFile; fileRef = F88C4732255D476700A0DA46 /* LaunchScreen.storyboard */; };
		F8CC651F255DDC1D00BA4315 /* Colors.swift in Sources */ = {isa = PBXBuildFile; fileRef = F8CC651E255DDC1D00BA4315 /* Colors.swift */; };
		F8CC6525255DDEBD00BA4315 /* SnackViewController.swift in Sources */ = {isa = PBXBuildFile; fileRef = F8CC6524255DDEBD00BA4315 /* SnackViewController.swift */; };
		F8CC652B255DE07400BA4315 /* SnackBarViewModel.swift in Sources */ = {isa = PBXBuildFile; fileRef = F8CC652A255DE07400BA4315 /* SnackBarViewModel.swift */; };
		F8CC6531255DE29A00BA4315 /* SnackBarView.swift in Sources */ = {isa = PBXBuildFile; fileRef = F8CC6530255DE29A00BA4315 /* SnackBarView.swift */; };
/* End PBXBuildFile section */

/* Begin PBXFileReference section */
		F85E7293255DD2A5006ADF12 /* ShowButton.swift */ = {isa = PBXFileReference; lastKnownFileType = sourcecode.swift; path = ShowButton.swift; sourceTree = "<group>"; };
		F88C4724255D476500A0DA46 /* SnackBar2.app */ = {isa = PBXFileReference; explicitFileType = wrapper.application; includeInIndex = 0; path = SnackBar2.app; sourceTree = BUILT_PRODUCTS_DIR; };
		F88C4727255D476500A0DA46 /* AppDelegate.swift */ = {isa = PBXFileReference; lastKnownFileType = sourcecode.swift; path = AppDelegate.swift; sourceTree = "<group>"; };
		F88C4729255D476500A0DA46 /* SceneDelegate.swift */ = {isa = PBXFileReference; lastKnownFileType = sourcecode.swift; path = SceneDelegate.swift; sourceTree = "<group>"; };
		F88C472E255D476500A0DA46 /* Base */ = {isa = PBXFileReference; lastKnownFileType = file.storyboard; name = Base; path = Base.lproj/Main.storyboard; sourceTree = "<group>"; };
		F88C4730255D476700A0DA46 /* Assets.xcassets */ = {isa = PBXFileReference; lastKnownFileType = folder.assetcatalog; path = Assets.xcassets; sourceTree = "<group>"; };
		F88C4733255D476700A0DA46 /* Base */ = {isa = PBXFileReference; lastKnownFileType = file.storyboard; name = Base; path = Base.lproj/LaunchScreen.storyboard; sourceTree = "<group>"; };
		F88C4735255D476700A0DA46 /* Info.plist */ = {isa = PBXFileReference; lastKnownFileType = text.plist.xml; path = Info.plist; sourceTree = "<group>"; };
		F8CC651E255DDC1D00BA4315 /* Colors.swift */ = {isa = PBXFileReference; lastKnownFileType = sourcecode.swift; path = Colors.swift; sourceTree = "<group>"; };
		F8CC6524255DDEBD00BA4315 /* SnackViewController.swift */ = {isa = PBXFileReference; lastKnownFileType = sourcecode.swift; path = SnackViewController.swift; sourceTree = "<group>"; };
		F8CC652A255DE07400BA4315 /* SnackBarViewModel.swift */ = {isa = PBXFileReference; lastKnownFileType = sourcecode.swift; path = SnackBarViewModel.swift; sourceTree = "<group>"; };
		F8CC6530255DE29A00BA4315 /* SnackBarView.swift */ = {isa = PBXFileReference; lastKnownFileType = sourcecode.swift; path = SnackBarView.swift; sourceTree = "<group>"; };
/* End PBXFileReference section */

/* Begin PBXFrameworksBuildPhase section */
		F88C4721255D476500A0DA46 /* Frameworks */ = {
			isa = PBXFrameworksBuildPhase;
			buildActionMask = 2147483647;
			files = (
			);
			runOnlyForDeploymentPostprocessing = 0;
		};
/* End PBXFrameworksBuildPhase section */

/* Begin PBXGroup section */
		F85E7296255DD2B4006ADF12 /* Views */ = {
			isa = PBXGroup;
			children = (
				F8CC6528255DDF4300BA4315 /* StoryBorads */,
				F85E7293255DD2A5006ADF12 /* ShowButton.swift */,
				F8CC6530255DE29A00BA4315 /* SnackBarView.swift */,
			);
			path = Views;
			sourceTree = "<group>";
		};
		F88C471B255D476500A0DA46 = {
			isa = PBXGroup;
			children = (
				F88C4726255D476500A0DA46 /* SnackBar2 */,
				F88C4725255D476500A0DA46 /* Products */,
			);
			sourceTree = "<group>";
		};
		F88C4725255D476500A0DA46 /* Products */ = {
			isa = PBXGroup;
			children = (
				F88C4724255D476500A0DA46 /* SnackBar2.app */,
			);
			name = Products;
			sourceTree = "<group>";
		};
		F88C4726255D476500A0DA46 /* SnackBar2 */ = {
			isa = PBXGroup;
			children = (
				F8CC652F255DE23A00BA4315 /* models */,
				F8CC6522255DDE6A00BA4315 /* Controllers */,
				F8CC651D255DDC0500BA4315 /* Resources */,
				F85E7296255DD2B4006ADF12 /* Views */,
				F88C4735255D476700A0DA46 /* Info.plist */,
			);
			path = SnackBar2;
			sourceTree = "<group>";
		};
		F8CC651D255DDC0500BA4315 /* Resources */ = {
			isa = PBXGroup;
			children = (
				F8CC6535255DFD2500BA4315 /* font */,
				F8CC651E255DDC1D00BA4315 /* Colors.swift */,
				F88C4727255D476500A0DA46 /* AppDelegate.swift */,
				F88C4729255D476500A0DA46 /* SceneDelegate.swift */,
				F88C4730255D476700A0DA46 /* Assets.xcassets */,
			);
			path = Resources;
			sourceTree = "<group>";
		};
		F8CC6522255DDE6A00BA4315 /* Controllers */ = {
			isa = PBXGroup;
			children = (
				F8CC6524255DDEBD00BA4315 /* SnackViewController.swift */,
			);
			path = Controllers;
			sourceTree = "<group>";
		};
		F8CC6528255DDF4300BA4315 /* StoryBorads */ = {
			isa = PBXGroup;
			children = (
				F88C472D255D476500A0DA46 /* Main.storyboard */,
				F88C4732255D476700A0DA46 /* LaunchScreen.storyboard */,
			);
			path = StoryBorads;
			sourceTree = "<group>";
		};
		F8CC652F255DE23A00BA4315 /* models */ = {
			isa = PBXGroup;
			children = (
				F8CC652A255DE07400BA4315 /* SnackBarViewModel.swift */,
			);
			path = models;
			sourceTree = "<group>";
		};
		F8CC6535255DFD2500BA4315 /* font */ = {
			isa = PBXGroup;
			children = (
			);
			path = font;
			sourceTree = "<group>";
		};
/* End PBXGroup section */

/* Begin PBXNativeTarget section */
		F88C4723255D476500A0DA46 /* SnackBar2 */ = {
			isa = PBXNativeTarget;
			buildConfigurationList = F88C4738255D476700A0DA46 /* Build configuration list for PBXNativeTarget "SnackBar2" */;
			buildPhases = (
				F88C4720255D476500A0DA46 /* Sources */,
				F88C4721255D476500A0DA46 /* Frameworks */,
				F88C4722255D476500A0DA46 /* Resources */,
			);
			buildRules = (
			);
			dependencies = (
			);
			name = SnackBar2;
			productName = SnackBar2;
			productReference = F88C4724255D476500A0DA46 /* SnackBar2.app */;
			productType = "com.apple.product-type.application";
		};
/* End PBXNativeTarget section */

/* Begin PBXProject section */
		F88C471C255D476500A0DA46 /* Project object */ = {
			isa = PBXProject;
			attributes = {
				LastSwiftUpdateCheck = 1210;
				LastUpgradeCheck = 1210;
				TargetAttributes = {
					F88C4723255D476500A0DA46 = {
						CreatedOnToolsVersion = 12.1;
					};
				};
			};
			buildConfigurationList = F88C471F255D476500A0DA46 /* Build configuration list for PBXProject "SnackBar2" */;
			compatibilityVersion = "Xcode 9.3";
			developmentRegion = en;
			hasScannedForEncodings = 0;
			knownRegions = (
				en,
				Base,
			);
			mainGroup = F88C471B255D476500A0DA46;
			productRefGroup = F88C4725255D476500A0DA46 /* Products */;
			projectDirPath = "";
			projectRoot = "";
			targets = (
				F88C4723255D476500A0DA46 /* SnackBar2 */,
			);
		};
/* End PBXProject section */

/* Begin PBXResourcesBuildPhase section */
		F88C4722255D476500A0DA46 /* Resources */ = {
			isa = PBXResourcesBuildPhase;
			buildActionMask = 2147483647;
			files = (
				F88C4734255D476700A0DA46 /* LaunchScreen.storyboard in Resources */,
				F88C4731255D476700A0DA46 /* Assets.xcassets in Resources */,
				F88C472F255D476500A0DA46 /* Main.storyboard in Resources */,
			);
			runOnlyForDeploymentPostprocessing = 0;
		};
/* End PBXResourcesBuildPhase section */

/* Begin PBXSourcesBuildPhase section */
		F88C4720255D476500A0DA46 /* Sources */ = {
			isa = PBXSourcesBuildPhase;
			buildActionMask = 2147483647;
			files = (
				F8CC6531255DE29A00BA4315 /* SnackBarView.swift in Sources */,
				F85E7294255DD2A5006ADF12 /* ShowButton.swift in Sources */,
				F8CC651F255DDC1D00BA4315 /* Colors.swift in Sources */,
				F88C4728255D476500A0DA46 /* AppDelegate.swift in Sources */,
				F88C472A255D476500A0DA46 /* SceneDelegate.swift in Sources */,
				F8CC652B255DE07400BA4315 /* SnackBarViewModel.swift in Sources */,
				F8CC6525255DDEBD00BA4315 /* SnackViewController.swift in Sources */,
			);
			runOnlyForDeploymentPostprocessing = 0;
		};
/* End PBXSourcesBuildPhase section */

/* Begin PBXVariantGroup section */
		F88C472D255D476500A0DA46 /* Main.storyboard */ = {
			isa = PBXVariantGroup;
			children = (
				F88C472E255D476500A0DA46 /* Base */,
			);
			name = Main.storyboard;
			sourceTree = "<group>";
		};
		F88C4732255D476700A0DA46 /* LaunchScreen.storyboard */ = {
			isa = PBXVariantGroup;
			children = (
				F88C4733255D476700A0DA46 /* Base */,
			);
			name = LaunchScreen.storyboard;
			sourceTree = "<group>";
		};
/* End PBXVariantGroup section */

/* Begin XCBuildConfiguration section */
		F88C4736255D476700A0DA46 /* Debug */ = {
			isa = XCBuildConfiguration;
			buildSettings = {
				ALWAYS_SEARCH_USER_PATHS = NO;
				CLANG_ANALYZER_NONNULL = YES;
				CLANG_ANALYZER_NUMBER_OBJECT_CONVERSION = YES_AGGRESSIVE;
				CLANG_CXX_LANGUAGE_STANDARD = "gnu++14";
				CLANG_CXX_LIBRARY = "libc++";
				CLANG_ENABLE_MODULES = YES;
				CLANG_ENABLE_OBJC_ARC = YES;
				CLANG_ENABLE_OBJC_WEAK = YES;
				CLANG_WARN_BLOCK_CAPTURE_AUTORELEASING = YES;
				CLANG_WARN_BOOL_CONVERSION = YES;
				CLANG_WARN_COMMA = YES;
				CLANG_WARN_CONSTANT_CONVERSION = YES;
				CLANG_WARN_DEPRECATED_OBJC_IMPLEMENTATIONS = YES;
				CLANG_WARN_DIRECT_OBJC_ISA_USAGE = YES_ERROR;
				CLANG_WARN_DOCUMENTATION_COMMENTS = YES;
				CLANG_WARN_EMPTY_BODY = YES;
				CLANG_WARN_ENUM_CONVERSION = YES;
				CLANG_WARN_INFINITE_RECURSION = YES;
				CLANG_WARN_INT_CONVERSION = YES;
				CLANG_WARN_NON_LITERAL_NULL_CONVERSION = YES;
				CLANG_WARN_OBJC_IMPLICIT_RETAIN_SELF = YES;
				CLANG_WARN_OBJC_LITERAL_CONVERSION = YES;
				CLANG_WARN_OBJC_ROOT_CLASS = YES_ERROR;
				CLANG_WARN_QUOTED_INCLUDE_IN_FRAMEWORK_HEADER = YES;
				CLANG_WARN_RANGE_LOOP_ANALYSIS = YES;
				CLANG_WARN_STRICT_PROTOTYPES = YES;
				CLANG_WARN_SUSPICIOUS_MOVE = YES;
				CLANG_WARN_UNGUARDED_AVAILABILITY = YES_AGGRESSIVE;
				CLANG_WARN_UNREACHABLE_CODE = YES;
				CLANG_WARN__DUPLICATE_METHOD_MATCH = YES;
				COPY_PHASE_STRIP = NO;
				DEBUG_INFORMATION_FORMAT = dwarf;
				ENABLE_STRICT_OBJC_MSGSEND = YES;
				ENABLE_TESTABILITY = YES;
				GCC_C_LANGUAGE_STANDARD = gnu11;
				GCC_DYNAMIC_NO_PIC = NO;
				GCC_NO_COMMON_BLOCKS = YES;
				GCC_OPTIMIZATION_LEVEL = 0;
				GCC_PREPROCESSOR_DEFINITIONS = (
					"DEBUG=1",
					"$(inherited)",
				);
				GCC_WARN_64_TO_32_BIT_CONVERSION = YES;
				GCC_WARN_ABOUT_RETURN_TYPE = YES_ERROR;
				GCC_WARN_UNDECLARED_SELECTOR = YES;
				GCC_WARN_UNINITIALIZED_AUTOS = YES_AGGRESSIVE;
				GCC_WARN_UNUSED_FUNCTION = YES;
				GCC_WARN_UNUSED_VARIABLE = YES;
				IPHONEOS_DEPLOYMENT_TARGET = 14.1;
				MTL_ENABLE_DEBUG_INFO = INCLUDE_SOURCE;
				MTL_FAST_MATH = YES;
				ONLY_ACTIVE_ARCH = YES;
				SDKROOT = iphoneos;
				SWIFT_ACTIVE_COMPILATION_CONDITIONS = DEBUG;
				SWIFT_OPTIMIZATION_LEVEL = "-Onone";
			};
			name = Debug;
		};
		F88C4737255D476700A0DA46 /* Release */ = {
			isa = XCBuildConfiguration;
			buildSettings = {
				ALWAYS_SEARCH_USER_PATHS = NO;
				CLANG_ANALYZER_NONNULL = YES;
				CLANG_ANALYZER_NUMBER_OBJECT_CONVERSION = YES_AGGRESSIVE;
				CLANG_CXX_LANGUAGE_STANDARD = "gnu++14";
				CLANG_CXX_LIBRARY = "libc++";
				CLANG_ENABLE_MODULES = YES;
				CLANG_ENABLE_OBJC_ARC = YES;
				CLANG_ENABLE_OBJC_WEAK = YES;
				CLANG_WARN_BLOCK_CAPTURE_AUTORELEASING = YES;
				CLANG_WARN_BOOL_CONVERSION = YES;
				CLANG_WARN_COMMA = YES;
				CLANG_WARN_CONSTANT_CONVERSION = YES;
				CLANG_WARN_DEPRECATED_OBJC_IMPLEMENTATIONS = YES;
				CLANG_WARN_DIRECT_OBJC_ISA_USAGE = YES_ERROR;
				CLANG_WARN_DOCUMENTATION_COMMENTS = YES;
				CLANG_WARN_EMPTY_BODY = YES;
				CLANG_WARN_ENUM_CONVERSION = YES;
				CLANG_WARN_INFINITE_RECURSION = YES;
				CLANG_WARN_INT_CONVERSION = YES;
				CLANG_WARN_NON_LITERAL_NULL_CONVERSION = YES;
				CLANG_WARN_OBJC_IMPLICIT_RETAIN_SELF = YES;
				CLANG_WARN_OBJC_LITERAL_CONVERSION = YES;
				CLANG_WARN_OBJC_ROOT_CLASS = YES_ERROR;
				CLANG_WARN_QUOTED_INCLUDE_IN_FRAMEWORK_HEADER = YES;
				CLANG_WARN_RANGE_LOOP_ANALYSIS = YES;
				CLANG_WARN_STRICT_PROTOTYPES = YES;
				CLANG_WARN_SUSPICIOUS_MOVE = YES;
				CLANG_WARN_UNGUARDED_AVAILABILITY = YES_AGGRESSIVE;
				CLANG_WARN_UNREACHABLE_CODE = YES;
				CLANG_WARN__DUPLICATE_METHOD_MATCH = YES;
				COPY_PHASE_STRIP = NO;
				DEBUG_INFORMATION_FORMAT = "dwarf-with-dsym";
				ENABLE_NS_ASSERTIONS = NO;
				ENABLE_STRICT_OBJC_MSGSEND = YES;
				GCC_C_LANGUAGE_STANDARD = gnu11;
				GCC_NO_COMMON_BLOCKS = YES;
				GCC_WARN_64_TO_32_BIT_CONVERSION = YES;
				GCC_WARN_ABOUT_RETURN_TYPE = YES_ERROR;
				GCC_WARN_UNDECLARED_SELECTOR = YES;
				GCC_WARN_UNINITIALIZED_AUTOS = YES_AGGRESSIVE;
				GCC_WARN_UNUSED_FUNCTION = YES;
				GCC_WARN_UNUSED_VARIABLE = YES;
				IPHONEOS_DEPLOYMENT_TARGET = 14.1;
				MTL_ENABLE_DEBUG_INFO = NO;
				MTL_FAST_MATH = YES;
				SDKROOT = iphoneos;
				SWIFT_COMPILATION_MODE = wholemodule;
				SWIFT_OPTIMIZATION_LEVEL = "-O";
				VALIDATE_PRODUCT = YES;
			};
			name = Release;
		};
		F88C4739255D476700A0DA46 /* Debug */ = {
			isa = XCBuildConfiguration;
			buildSettings = {
				ASSETCATALOG_COMPILER_APPICON_NAME = AppIcon;
				ASSETCATALOG_COMPILER_GLOBAL_ACCENT_COLOR_NAME = AccentColor;
				CODE_SIGN_STYLE = Automatic;
				DEVELOPMENT_TEAM = GBKPZ52HJ9;
				INFOPLIST_FILE = SnackBar2/Info.plist;
				LD_RUNPATH_SEARCH_PATHS = (
					"$(inherited)",
					"@executable_path/Frameworks",
				);
				PRODUCT_BUNDLE_IDENTIFIER = takuAPP.SnackBar2;
				PRODUCT_NAME = "$(TARGET_NAME)";
				SWIFT_VERSION = 5.0;
				TARGETED_DEVICE_FAMILY = "1,2";
			};
			name = Debug;
		};
		F88C473A255D476700A0DA46 /* Release */ = {
			isa = XCBuildConfiguration;
			buildSettings = {
				ASSETCATALOG_COMPILER_APPICON_NAME = AppIcon;
				ASSETCATALOG_COMPILER_GLOBAL_ACCENT_COLOR_NAME = AccentColor;
				CODE_SIGN_STYLE = Automatic;
				DEVELOPMENT_TEAM = GBKPZ52HJ9;
				INFOPLIST_FILE = SnackBar2/Info.plist;
				LD_RUNPATH_SEARCH_PATHS = (
					"$(inherited)",
					"@executable_path/Frameworks",
				);
				PRODUCT_BUNDLE_IDENTIFIER = takuAPP.SnackBar2;
				PRODUCT_NAME = "$(TARGET_NAME)";
				SWIFT_VERSION = 5.0;
				TARGETED_DEVICE_FAMILY = "1,2";
			};
			name = Release;
		};
/* End XCBuildConfiguration section */

/* Begin XCConfigurationList section */
		F88C471F255D476500A0DA46 /* Build configuration list for PBXProject "SnackBar2" */ = {
			isa = XCConfigurationList;
			buildConfigurations = (
				F88C4736255D476700A0DA46 /* Debug */,
				F88C4737255D476700A0DA46 /* Release */,
			);
			defaultConfigurationIsVisible = 0;
			defaultConfigurationName = Release;
		};
		F88C4738255D476700A0DA46 /* Build configuration list for PBXNativeTarget "SnackBar2" */ = {
			isa = XCConfigurationList;
			buildConfigurations = (
				F88C4739255D476700A0DA46 /* Debug */,
				F88C473A255D476700A0DA46 /* Release */,
			);
			defaultConfigurationIsVisible = 0;
			defaultConfigurationName = Release;
		};
/* End XCConfigurationList section */
	};
	rootObject = F88C471C255D476500A0DA46 /* Project object */;
}
